
Microsoft Visual Studio Solution File, Format Version 12.00
# Visual Studio Version 17
VisualStudioVersion = 17.2.32616.157
MinimumVisualStudioVersion = 10.0.40219.1
Project("{FAE04EC0-301F-11D3-BF4B-00C04F79EFBC}") = "DemoApp", "DemoApp\DemoApp.csproj", "{BB3C16CE-B691-4AE4-A784-E7522983C08C}"
EndProject
Global
	GlobalSection(SolutionConfigurationPlatforms) = preSolution
		Debug|Any CPU = Debug|Any CPU
		Release|Any CPU = Release|Any CPU
	EndGlobalSection
	GlobalSection(ProjectConfigurationPlatforms) = postSolution
		{BB3C16CE-B691-4AE4-A784-E7522983C08C}.Debug|Any CPU.ActiveCfg = Debug|Any CPU
		{BB3C16CE-B691-4AE4-A784-E7522983C08C}.Debug|Any CPU.Build.0 = Debug|Any CPU
		{BB3C16CE-B691-4AE4-A784-E7522983C08C}.Release|Any CPU.ActiveCfg = Release|Any CPU
		{BB3C16CE-B691-4AE4-A784-E7522983C08C}.Release|Any CPU.Build.0 = Release|Any CPU
	EndGlobalSection
	GlobalSection(SolutionProperties) = preSolution
		HideSolutionNode = FALSE
	EndGlobalSection
	GlobalSection(ExtensibilityGlobals) = postSolution
		SolutionGuid = {1D4FC8D0-AE21-49EB-8EC6-4D1A52627582}
	EndGlobalSection
EndGlobal
