
Microsoft Visual Studio Solution File, Format Version 12.00
# Visual Studio Version 17
VisualStudioVersion = 17.2.32616.157
MinimumVisualStudioVersion = 10.0.40219.1
Project("{FAE04EC0-301F-11D3-BF4B-00C04F79EFBC}") = "IntroCFEF", "IntroCFEF\IntroCFEF.csproj", "{A3EE1E2E-E6F2-4EB7-86D1-1D7C890695E6}"
EndProject
Global
	GlobalSection(SolutionConfigurationPlatforms) = preSolution
		Debug|Any CPU = Debug|Any CPU
		Release|Any CPU = Release|Any CPU
	EndGlobalSection
	GlobalSection(ProjectConfigurationPlatforms) = postSolution
		{A3EE1E2E-E6F2-4EB7-86D1-1D7C890695E6}.Debug|Any CPU.ActiveCfg = Debug|Any CPU
		{A3EE1E2E-E6F2-4EB7-86D1-1D7C890695E6}.Debug|Any CPU.Build.0 = Debug|Any CPU
		{A3EE1E2E-E6F2-4EB7-86D1-1D7C890695E6}.Release|Any CPU.ActiveCfg = Release|Any CPU
		{A3EE1E2E-E6F2-4EB7-86D1-1D7C890695E6}.Release|Any CPU.Build.0 = Release|Any CPU
	EndGlobalSection
	GlobalSection(SolutionProperties) = preSolution
		HideSolutionNode = FALSE
	EndGlobalSection
	GlobalSection(ExtensibilityGlobals) = postSolution
		SolutionGuid = {BE6CA1F3-EF0C-4E82-A10C-C9BFC0E9CF0F}
	EndGlobalSection
EndGlobal
