
Microsoft Visual Studio Solution File, Format Version 12.00
# Visual Studio Version 17
VisualStudioVersion = 17.2.32616.157
MinimumVisualStudioVersion = 10.0.40219.1
Project("{FAE04EC0-301F-11D3-BF4B-00C04F79EFBC}") = "IntroMVC", "IntroMVC\IntroMVC.csproj", "{ACE63566-30FF-4568-B6C1-87B8897B9508}"
EndProject
Global
	GlobalSection(SolutionConfigurationPlatforms) = preSolution
		Debug|Any CPU = Debug|Any CPU
		Release|Any CPU = Release|Any CPU
	EndGlobalSection
	GlobalSection(ProjectConfigurationPlatforms) = postSolution
		{ACE63566-30FF-4568-B6C1-87B8897B9508}.Debug|Any CPU.ActiveCfg = Debug|Any CPU
		{ACE63566-30FF-4568-B6C1-87B8897B9508}.Debug|Any CPU.Build.0 = Debug|Any CPU
		{ACE63566-30FF-4568-B6C1-87B8897B9508}.Release|Any CPU.ActiveCfg = Release|Any CPU
		{ACE63566-30FF-4568-B6C1-87B8897B9508}.Release|Any CPU.Build.0 = Release|Any CPU
	EndGlobalSection
	GlobalSection(SolutionProperties) = preSolution
		HideSolutionNode = FALSE
	EndGlobalSection
	GlobalSection(ExtensibilityGlobals) = postSolution
		SolutionGuid = {80BD29DF-99DE-45EA-80ED-BF2E2E0A3348}
	EndGlobalSection
EndGlobal
