
Microsoft Visual Studio Solution File, Format Version 12.00
# Visual Studio Version 17
VisualStudioVersion = 17.2.32616.157
MinimumVisualStudioVersion = 10.0.40219.1
Project("{FAE04EC0-301F-11D3-BF4B-00C04F79EFBC}") = "ApiApp", "ApiApp\ApiApp.csproj", "{D6F5506E-8739-4915-8132-BF6D60163C83}"
EndProject
Project("{FAE04EC0-301F-11D3-BF4B-00C04F79EFBC}") = "BLL", "BLL\BLL.csproj", "{BDB03AEB-FEC2-4030-9EC4-04D94641AE33}"
EndProject
Project("{FAE04EC0-301F-11D3-BF4B-00C04F79EFBC}") = "DAL", "DAL\DAL.csproj", "{500FE1BE-7A94-4FF5-ACED-0DFCC616243A}"
EndProject
Global
	GlobalSection(SolutionConfigurationPlatforms) = preSolution
		Debug|Any CPU = Debug|Any CPU
		Release|Any CPU = Release|Any CPU
	EndGlobalSection
	GlobalSection(ProjectConfigurationPlatforms) = postSolution
		{D6F5506E-8739-4915-8132-BF6D60163C83}.Debug|Any CPU.ActiveCfg = Debug|Any CPU
		{D6F5506E-8739-4915-8132-BF6D60163C83}.Debug|Any CPU.Build.0 = Debug|Any CPU
		{D6F5506E-8739-4915-8132-BF6D60163C83}.Release|Any CPU.ActiveCfg = Release|Any CPU
		{D6F5506E-8739-4915-8132-BF6D60163C83}.Release|Any CPU.Build.0 = Release|Any CPU
		{BDB03AEB-FEC2-4030-9EC4-04D94641AE33}.Debug|Any CPU.ActiveCfg = Debug|Any CPU
		{BDB03AEB-FEC2-4030-9EC4-04D94641AE33}.Debug|Any CPU.Build.0 = Debug|Any CPU
		{BDB03AEB-FEC2-4030-9EC4-04D94641AE33}.Release|Any CPU.ActiveCfg = Release|Any CPU
		{BDB03AEB-FEC2-4030-9EC4-04D94641AE33}.Release|Any CPU.Build.0 = Release|Any CPU
		{500FE1BE-7A94-4FF5-ACED-0DFCC616243A}.Debug|Any CPU.ActiveCfg = Debug|Any CPU
		{500FE1BE-7A94-4FF5-ACED-0DFCC616243A}.Debug|Any CPU.Build.0 = Debug|Any CPU
		{500FE1BE-7A94-4FF5-ACED-0DFCC616243A}.Release|Any CPU.ActiveCfg = Release|Any CPU
		{500FE1BE-7A94-4FF5-ACED-0DFCC616243A}.Release|Any CPU.Build.0 = Release|Any CPU
	EndGlobalSection
	GlobalSection(SolutionProperties) = preSolution
		HideSolutionNode = FALSE
	EndGlobalSection
	GlobalSection(ExtensibilityGlobals) = postSolution
		SolutionGuid = {595AE61B-6874-432A-9ED4-AC2166178E1B}
	EndGlobalSection
EndGlobal
