
Microsoft Visual Studio Solution File, Format Version 12.00
# Visual Studio Version 17
VisualStudioVersion = 17.2.32616.157
MinimumVisualStudioVersion = 10.0.40219.1
Project("{FAE04EC0-301F-11D3-BF4B-00C04F79EFBC}") = "IntroAPI", "IntroAPI\IntroAPI.csproj", "{64FA134F-6818-43FE-B032-E4C7222CE47B}"
EndProject
Global
	GlobalSection(SolutionConfigurationPlatforms) = preSolution
		Debug|Any CPU = Debug|Any CPU
		Release|Any CPU = Release|Any CPU
	EndGlobalSection
	GlobalSection(ProjectConfigurationPlatforms) = postSolution
		{64FA134F-6818-43FE-B032-E4C7222CE47B}.Debug|Any CPU.ActiveCfg = Debug|Any CPU
		{64FA134F-6818-43FE-B032-E4C7222CE47B}.Debug|Any CPU.Build.0 = Debug|Any CPU
		{64FA134F-6818-43FE-B032-E4C7222CE47B}.Release|Any CPU.ActiveCfg = Release|Any CPU
		{64FA134F-6818-43FE-B032-E4C7222CE47B}.Release|Any CPU.Build.0 = Release|Any CPU
	EndGlobalSection
	GlobalSection(SolutionProperties) = preSolution
		HideSolutionNode = FALSE
	EndGlobalSection
	GlobalSection(ExtensibilityGlobals) = postSolution
		SolutionGuid = {BFCC59DC-E46C-403C-A51F-4CDA0CDD537F}
	EndGlobalSection
EndGlobal
