
Microsoft Visual Studio Solution File, Format Version 12.00
# Visual Studio Version 17
VisualStudioVersion = 17.2.32616.157
MinimumVisualStudioVersion = 10.0.40219.1
Project("{FAE04EC0-301F-11D3-BF4B-00C04F79EFBC}") = "FormIntro", "FormIntro\FormIntro.csproj", "{10B68B0C-581C-4BDB-8302-36569AF934D9}"
EndProject
Global
	GlobalSection(SolutionConfigurationPlatforms) = preSolution
		Debug|Any CPU = Debug|Any CPU
		Release|Any CPU = Release|Any CPU
	EndGlobalSection
	GlobalSection(ProjectConfigurationPlatforms) = postSolution
		{10B68B0C-581C-4BDB-8302-36569AF934D9}.Debug|Any CPU.ActiveCfg = Debug|Any CPU
		{10B68B0C-581C-4BDB-8302-36569AF934D9}.Debug|Any CPU.Build.0 = Debug|Any CPU
		{10B68B0C-581C-4BDB-8302-36569AF934D9}.Release|Any CPU.ActiveCfg = Release|Any CPU
		{10B68B0C-581C-4BDB-8302-36569AF934D9}.Release|Any CPU.Build.0 = Release|Any CPU
	EndGlobalSection
	GlobalSection(SolutionProperties) = preSolution
		HideSolutionNode = FALSE
	EndGlobalSection
	GlobalSection(ExtensibilityGlobals) = postSolution
		SolutionGuid = {5E73CF3C-D350-479F-9491-FA2943E6A88A}
	EndGlobalSection
EndGlobal
