
Microsoft Visual Studio Solution File, Format Version 12.00
# Visual Studio Version 17
VisualStudioVersion = 17.2.32616.157
MinimumVisualStudioVersion = 10.0.40219.1
Project("{FAE04EC0-301F-11D3-BF4B-00C04F79EFBC}") = "EFwithDTO", "EFwithDTO\EFwithDTO.csproj", "{6ECD26CD-D65F-4F0A-9298-A52A48FF97B1}"
EndProject
Global
	GlobalSection(SolutionConfigurationPlatforms) = preSolution
		Debug|Any CPU = Debug|Any CPU
		Release|Any CPU = Release|Any CPU
	EndGlobalSection
	GlobalSection(ProjectConfigurationPlatforms) = postSolution
		{6ECD26CD-D65F-4F0A-9298-A52A48FF97B1}.Debug|Any CPU.ActiveCfg = Debug|Any CPU
		{6ECD26CD-D65F-4F0A-9298-A52A48FF97B1}.Debug|Any CPU.Build.0 = Debug|Any CPU
		{6ECD26CD-D65F-4F0A-9298-A52A48FF97B1}.Release|Any CPU.ActiveCfg = Release|Any CPU
		{6ECD26CD-D65F-4F0A-9298-A52A48FF97B1}.Release|Any CPU.Build.0 = Release|Any CPU
	EndGlobalSection
	GlobalSection(SolutionProperties) = preSolution
		HideSolutionNode = FALSE
	EndGlobalSection
	GlobalSection(ExtensibilityGlobals) = postSolution
		SolutionGuid = {170C94AB-3D4D-49C5-B7DD-7A26F20A103C}
	EndGlobalSection
EndGlobal
