
Microsoft Visual Studio Solution File, Format Version 12.00
# Visual Studio Version 17
VisualStudioVersion = 17.2.32616.157
MinimumVisualStudioVersion = 10.0.40219.1
Project("{FAE04EC0-301F-11D3-BF4B-00C04F79EFBC}") = "LINQ", "LINQ\LINQ.csproj", "{367C979A-052C-467F-AAE8-DF28D016D464}"
EndProject
Global
	GlobalSection(SolutionConfigurationPlatforms) = preSolution
		Debug|Any CPU = Debug|Any CPU
		Release|Any CPU = Release|Any CPU
	EndGlobalSection
	GlobalSection(ProjectConfigurationPlatforms) = postSolution
		{367C979A-052C-467F-AAE8-DF28D016D464}.Debug|Any CPU.ActiveCfg = Debug|Any CPU
		{367C979A-052C-467F-AAE8-DF28D016D464}.Debug|Any CPU.Build.0 = Debug|Any CPU
		{367C979A-052C-467F-AAE8-DF28D016D464}.Release|Any CPU.ActiveCfg = Release|Any CPU
		{367C979A-052C-467F-AAE8-DF28D016D464}.Release|Any CPU.Build.0 = Release|Any CPU
	EndGlobalSection
	GlobalSection(SolutionProperties) = preSolution
		HideSolutionNode = FALSE
	EndGlobalSection
	GlobalSection(ExtensibilityGlobals) = postSolution
		SolutionGuid = {0A6C22CA-2E6C-47DE-BBB4-E726922E73C3}
	EndGlobalSection
EndGlobal
