
Microsoft Visual Studio Solution File, Format Version 12.00
# Visual Studio Version 17
VisualStudioVersion = 17.2.32616.157
MinimumVisualStudioVersion = 10.0.40219.1
Project("{FAE04EC0-301F-11D3-BF4B-00C04F79EFBC}") = "APIAppi", "APIAppi\APIAppi.csproj", "{B6052E95-1D3D-40ED-8F08-778D22D8EB8E}"
EndProject
Project("{FAE04EC0-301F-11D3-BF4B-00C04F79EFBC}") = "BLL", "BLL\BLL.csproj", "{D14A9BF0-1C22-47FF-A44C-B73B6B692E75}"
EndProject
Project("{FAE04EC0-301F-11D3-BF4B-00C04F79EFBC}") = "DAL", "DAL\DAL.csproj", "{66025DBF-BEB9-434B-AB56-9D74D1DFAB7C}"
EndProject
Global
	GlobalSection(SolutionConfigurationPlatforms) = preSolution
		Debug|Any CPU = Debug|Any CPU
		Release|Any CPU = Release|Any CPU
	EndGlobalSection
	GlobalSection(ProjectConfigurationPlatforms) = postSolution
		{B6052E95-1D3D-40ED-8F08-778D22D8EB8E}.Debug|Any CPU.ActiveCfg = Debug|Any CPU
		{B6052E95-1D3D-40ED-8F08-778D22D8EB8E}.Debug|Any CPU.Build.0 = Debug|Any CPU
		{B6052E95-1D3D-40ED-8F08-778D22D8EB8E}.Release|Any CPU.ActiveCfg = Release|Any CPU
		{B6052E95-1D3D-40ED-8F08-778D22D8EB8E}.Release|Any CPU.Build.0 = Release|Any CPU
		{D14A9BF0-1C22-47FF-A44C-B73B6B692E75}.Debug|Any CPU.ActiveCfg = Debug|Any CPU
		{D14A9BF0-1C22-47FF-A44C-B73B6B692E75}.Debug|Any CPU.Build.0 = Debug|Any CPU
		{D14A9BF0-1C22-47FF-A44C-B73B6B692E75}.Release|Any CPU.ActiveCfg = Release|Any CPU
		{D14A9BF0-1C22-47FF-A44C-B73B6B692E75}.Release|Any CPU.Build.0 = Release|Any CPU
		{66025DBF-BEB9-434B-AB56-9D74D1DFAB7C}.Debug|Any CPU.ActiveCfg = Debug|Any CPU
		{66025DBF-BEB9-434B-AB56-9D74D1DFAB7C}.Debug|Any CPU.Build.0 = Debug|Any CPU
		{66025DBF-BEB9-434B-AB56-9D74D1DFAB7C}.Release|Any CPU.ActiveCfg = Release|Any CPU
		{66025DBF-BEB9-434B-AB56-9D74D1DFAB7C}.Release|Any CPU.Build.0 = Release|Any CPU
	EndGlobalSection
	GlobalSection(SolutionProperties) = preSolution
		HideSolutionNode = FALSE
	EndGlobalSection
	GlobalSection(ExtensibilityGlobals) = postSolution
		SolutionGuid = {1DB6F6A1-B213-4CED-9A45-056C91382C97}
	EndGlobalSection
EndGlobal
